
Microsoft Visual Studio Solution File, Format Version 12.00
# Visual Studio Version 17
VisualStudioVersion = 17.11.35303.130
MinimumVisualStudioVersion = 10.0.40219.1
Project("{FAE04EC0-301F-11D3-BF4B-00C04F79EFBC}") = "Успалкування", "Успалкування\Успалкування.csproj", "{A87B5328-A788-431F-B4D8-D8B852D7BAAB}"
EndProject
Global
	GlobalSection(SolutionConfigurationPlatforms) = preSolution
		Debug|Any CPU = Debug|Any CPU
		Release|Any CPU = Release|Any CPU
	EndGlobalSection
	GlobalSection(ProjectConfigurationPlatforms) = postSolution
		{A87B5328-A788-431F-B4D8-D8B852D7BAAB}.Debug|Any CPU.ActiveCfg = Debug|Any CPU
		{A87B5328-A788-431F-B4D8-D8B852D7BAAB}.Debug|Any CPU.Build.0 = Debug|Any CPU
		{A87B5328-A788-431F-B4D8-D8B852D7BAAB}.Release|Any CPU.ActiveCfg = Release|Any CPU
		{A87B5328-A788-431F-B4D8-D8B852D7BAAB}.Release|Any CPU.Build.0 = Release|Any CPU
	EndGlobalSection
	GlobalSection(SolutionProperties) = preSolution
		HideSolutionNode = FALSE
	EndGlobalSection
	GlobalSection(ExtensibilityGlobals) = postSolution
		SolutionGuid = {8FFBC3B7-DE1E-43B1-995D-3F17A1FC1675}
	EndGlobalSection
EndGlobal
